// !$*UTF8*$!
{
	archiveVersion = 1;
	classes = {
	};
	objectVersion = 56;
	objects = {

/* Begin PBXBuildFile section */
		4910C7BE2971D628009080DA /* BetterWallpapersApp.swift in Sources */ = {isa = PBXBuildFile; fileRef = 4910C7BD2971D628009080DA /* BetterWallpapersApp.swift */; };
		4910C7C22971D629009080DA /* Assets.xcassets in Resources */ = {isa = PBXBuildFile; fileRef = 4910C7C12971D629009080DA /* Assets.xcassets */; };
		4910C7C52971D629009080DA /* Preview Assets.xcassets in Resources */ = {isa = PBXBuildFile; fileRef = 4910C7C42971D629009080DA /* Preview Assets.xcassets */; };
		4910C7CF2971EB51009080DA /* ContentView.swift in Sources */ = {isa = PBXBuildFile; fileRef = 4910C7CE2971EB51009080DA /* ContentView.swift */; };
		493B874F29774F6800B6E525 /* Wallpaper.swift in Sources */ = {isa = PBXBuildFile; fileRef = 493B874E29774F6800B6E525 /* Wallpaper.swift */; };
		493B87512977520100B6E525 /* WallpaperView.swift in Sources */ = {isa = PBXBuildFile; fileRef = 493B87502977520100B6E525 /* WallpaperView.swift */; };
		4963BEBC29B85A4D004E4C4F /* Favorites.swift in Sources */ = {isa = PBXBuildFile; fileRef = 4963BEBB29B85A4D004E4C4F /* Favorites.swift */; };
		4963BEBE29B85A66004E4C4F /* FavoritesView.swift in Sources */ = {isa = PBXBuildFile; fileRef = 4963BEBD29B85A66004E4C4F /* FavoritesView.swift */; };
		498EE2552A03395900EA82D8 /* Schedule in Frameworks */ = {isa = PBXBuildFile; productRef = 498EE2542A03395900EA82D8 /* Schedule */; };
		4990BD802980F56000D2B4D9 /* UnifiedBlurHash in Frameworks */ = {isa = PBXBuildFile; productRef = 4990BD7F2980F56000D2B4D9 /* UnifiedBlurHash */; };
		4990BD822980F9FF00D2B4D9 /* Settings.swift in Sources */ = {isa = PBXBuildFile; fileRef = 4990BD812980F9FF00D2B4D9 /* Settings.swift */; };
		4990BD872981154900D2B4D9 /* Scheduler.swift in Sources */ = {isa = PBXBuildFile; fileRef = 4990BD862981154900D2B4D9 /* Scheduler.swift */; };
		4990BD892981D9C200D2B4D9 /* Fetcher.swift in Sources */ = {isa = PBXBuildFile; fileRef = 4990BD882981D9C200D2B4D9 /* Fetcher.swift */; };
		49A9AC6729791B200089C31A /* ImageView.swift in Sources */ = {isa = PBXBuildFile; fileRef = 49A9AC6629791B200089C31A /* ImageView.swift */; };
		49A9AC702979E3E20089C31A /* ActionsView.swift in Sources */ = {isa = PBXBuildFile; fileRef = 49A9AC6F2979E3E20089C31A /* ActionsView.swift */; };
		49A9AC74297BBD360089C31A /* NavigationView.swift in Sources */ = {isa = PBXBuildFile; fileRef = 49A9AC73297BBD360089C31A /* NavigationView.swift */; };
		49A9AC76297BC4E00089C31A /* SettingsView.swift in Sources */ = {isa = PBXBuildFile; fileRef = 49A9AC75297BC4E00089C31A /* SettingsView.swift */; };
		49D80ABC2981E65D00748119 /* Downloader.swift in Sources */ = {isa = PBXBuildFile; fileRef = 49D80ABB2981E65D00748119 /* Downloader.swift */; };
		49D80AC22982707100748119 /* WallpaperController.swift in Sources */ = {isa = PBXBuildFile; fileRef = 49D80AC12982707100748119 /* WallpaperController.swift */; };
		49D80AC52982794900748119 /* TagsView.swift in Sources */ = {isa = PBXBuildFile; fileRef = 49D80AC42982794900748119 /* TagsView.swift */; };
		49D80AC829839E1E00748119 /* LaunchAtLogin in Frameworks */ = {isa = PBXBuildFile; productRef = 49D80AC729839E1E00748119 /* LaunchAtLogin */; };
		49D80ACB298483CD00748119 /* URLImage in Frameworks */ = {isa = PBXBuildFile; productRef = 49D80ACA298483CD00748119 /* URLImage */; };
/* End PBXBuildFile section */

/* Begin PBXFileReference section */
		4910C7BA2971D628009080DA /* BetterWallpapers.app */ = {isa = PBXFileReference; explicitFileType = wrapper.application; includeInIndex = 0; path = BetterWallpapers.app; sourceTree = BUILT_PRODUCTS_DIR; };
		4910C7BD2971D628009080DA /* BetterWallpapersApp.swift */ = {isa = PBXFileReference; lastKnownFileType = sourcecode.swift; path = BetterWallpapersApp.swift; sourceTree = "<group>"; };
		4910C7C12971D629009080DA /* Assets.xcassets */ = {isa = PBXFileReference; lastKnownFileType = folder.assetcatalog; path = Assets.xcassets; sourceTree = "<group>"; };
		4910C7C42971D629009080DA /* Preview Assets.xcassets */ = {isa = PBXFileReference; lastKnownFileType = folder.assetcatalog; path = "Preview Assets.xcassets"; sourceTree = "<group>"; };
		4910C7C62971D629009080DA /* BetterWallpapers.entitlements */ = {isa = PBXFileReference; lastKnownFileType = text.plist.entitlements; path = BetterWallpapers.entitlements; sourceTree = "<group>"; };
		4910C7CE2971EB51009080DA /* ContentView.swift */ = {isa = PBXFileReference; lastKnownFileType = sourcecode.swift; path = ContentView.swift; sourceTree = "<group>"; };
		493B874E29774F6800B6E525 /* Wallpaper.swift */ = {isa = PBXFileReference; lastKnownFileType = sourcecode.swift; path = Wallpaper.swift; sourceTree = "<group>"; };
		493B87502977520100B6E525 /* WallpaperView.swift */ = {isa = PBXFileReference; lastKnownFileType = sourcecode.swift; path = WallpaperView.swift; sourceTree = "<group>"; };
		4963BEBB29B85A4D004E4C4F /* Favorites.swift */ = {isa = PBXFileReference; lastKnownFileType = sourcecode.swift; path = Favorites.swift; sourceTree = "<group>"; };
		4963BEBD29B85A66004E4C4F /* FavoritesView.swift */ = {isa = PBXFileReference; lastKnownFileType = sourcecode.swift; path = FavoritesView.swift; sourceTree = "<group>"; };
		4990BD812980F9FF00D2B4D9 /* Settings.swift */ = {isa = PBXFileReference; lastKnownFileType = sourcecode.swift; path = Settings.swift; sourceTree = "<group>"; };
		4990BD862981154900D2B4D9 /* Scheduler.swift */ = {isa = PBXFileReference; lastKnownFileType = sourcecode.swift; path = Scheduler.swift; sourceTree = "<group>"; };
		4990BD882981D9C200D2B4D9 /* Fetcher.swift */ = {isa = PBXFileReference; lastKnownFileType = sourcecode.swift; path = Fetcher.swift; sourceTree = "<group>"; };
		49A9AC6629791B200089C31A /* ImageView.swift */ = {isa = PBXFileReference; lastKnownFileType = sourcecode.swift; path = ImageView.swift; sourceTree = "<group>"; };
		49A9AC6F2979E3E20089C31A /* ActionsView.swift */ = {isa = PBXFileReference; lastKnownFileType = sourcecode.swift; path = ActionsView.swift; sourceTree = "<group>"; };
		49A9AC73297BBD360089C31A /* NavigationView.swift */ = {isa = PBXFileReference; lastKnownFileType = sourcecode.swift; path = NavigationView.swift; sourceTree = "<group>"; };
		49A9AC75297BC4E00089C31A /* SettingsView.swift */ = {isa = PBXFileReference; lastKnownFileType = sourcecode.swift; path = SettingsView.swift; sourceTree = "<group>"; };
		49D80ABB2981E65D00748119 /* Downloader.swift */ = {isa = PBXFileReference; lastKnownFileType = sourcecode.swift; path = Downloader.swift; sourceTree = "<group>"; };
		49D80AC12982707100748119 /* WallpaperController.swift */ = {isa = PBXFileReference; lastKnownFileType = sourcecode.swift; path = WallpaperController.swift; sourceTree = "<group>"; };
		49D80AC42982794900748119 /* TagsView.swift */ = {isa = PBXFileReference; lastKnownFileType = sourcecode.swift; path = TagsView.swift; sourceTree = "<group>"; };
/* End PBXFileReference section */

/* Begin PBXFrameworksBuildPhase section */
		4910C7B72971D628009080DA /* Frameworks */ = {
			isa = PBXFrameworksBuildPhase;
			buildActionMask = 2147483647;
			files = (
				49D80AC829839E1E00748119 /* LaunchAtLogin in Frameworks */,
				498EE2552A03395900EA82D8 /* Schedule in Frameworks */,
				49D80ACB298483CD00748119 /* URLImage in Frameworks */,
				4990BD802980F56000D2B4D9 /* UnifiedBlurHash in Frameworks */,
			);
			runOnlyForDeploymentPostprocessing = 0;
		};
/* End PBXFrameworksBuildPhase section */

/* Begin PBXGroup section */
		4910C7B12971D628009080DA = {
			isa = PBXGroup;
			children = (
				4910C7BC2971D628009080DA /* BetterWallpapers */,
				4910C7BB2971D628009080DA /* Products */,
				4990BD7B2980F42000D2B4D9 /* Frameworks */,
			);
			sourceTree = "<group>";
		};
		4910C7BB2971D628009080DA /* Products */ = {
			isa = PBXGroup;
			children = (
				4910C7BA2971D628009080DA /* BetterWallpapers.app */,
			);
			name = Products;
			sourceTree = "<group>";
		};
		4910C7BC2971D628009080DA /* BetterWallpapers */ = {
			isa = PBXGroup;
			children = (
				4910C7BD2971D628009080DA /* BetterWallpapersApp.swift */,
				49D80ABE2981EFB700748119 /* Models */,
				49D80ABD2981EF8900748119 /* Views */,
				49D80AC3298271F500748119 /* Controllers */,
				49D80ABA2981DC8700748119 /* Utils */,
				4990BD812980F9FF00D2B4D9 /* Settings.swift */,
				4963BEBB29B85A4D004E4C4F /* Favorites.swift */,
				4910C7C12971D629009080DA /* Assets.xcassets */,
				4910C7C62971D629009080DA /* BetterWallpapers.entitlements */,
				4910C7C32971D629009080DA /* Preview Content */,
			);
			path = BetterWallpapers;
			sourceTree = "<group>";
		};
		4910C7C32971D629009080DA /* Preview Content */ = {
			isa = PBXGroup;
			children = (
				4910C7C42971D629009080DA /* Preview Assets.xcassets */,
			);
			path = "Preview Content";
			sourceTree = "<group>";
		};
		4990BD7B2980F42000D2B4D9 /* Frameworks */ = {
			isa = PBXGroup;
			children = (
			);
			name = Frameworks;
			sourceTree = "<group>";
		};
		49D80ABA2981DC8700748119 /* Utils */ = {
			isa = PBXGroup;
			children = (
				49D80ABB2981E65D00748119 /* Downloader.swift */,
				4990BD882981D9C200D2B4D9 /* Fetcher.swift */,
				4990BD862981154900D2B4D9 /* Scheduler.swift */,
			);
			path = Utils;
			sourceTree = "<group>";
		};
		49D80ABD2981EF8900748119 /* Views */ = {
			isa = PBXGroup;
			children = (
				4910C7CE2971EB51009080DA /* ContentView.swift */,
				49A9AC73297BBD360089C31A /* NavigationView.swift */,
				49A9AC6629791B200089C31A /* ImageView.swift */,
				493B87502977520100B6E525 /* WallpaperView.swift */,
				49A9AC6F2979E3E20089C31A /* ActionsView.swift */,
				4963BEBD29B85A66004E4C4F /* FavoritesView.swift */,
				49A9AC75297BC4E00089C31A /* SettingsView.swift */,
				49D80AC42982794900748119 /* TagsView.swift */,
			);
			path = Views;
			sourceTree = "<group>";
		};
		49D80ABE2981EFB700748119 /* Models */ = {
			isa = PBXGroup;
			children = (
				493B874E29774F6800B6E525 /* Wallpaper.swift */,
			);
			path = Models;
			sourceTree = "<group>";
		};
		49D80AC3298271F500748119 /* Controllers */ = {
			isa = PBXGroup;
			children = (
				49D80AC12982707100748119 /* WallpaperController.swift */,
			);
			path = Controllers;
			sourceTree = "<group>";
		};
/* End PBXGroup section */

/* Begin PBXNativeTarget section */
		4910C7B92971D628009080DA /* BetterWallpapers */ = {
			isa = PBXNativeTarget;
			buildConfigurationList = 4910C7C92971D629009080DA /* Build configuration list for PBXNativeTarget "BetterWallpapers" */;
			buildPhases = (
				4910C7B62971D628009080DA /* Sources */,
				4910C7B72971D628009080DA /* Frameworks */,
				4910C7B82971D628009080DA /* Resources */,
			);
			buildRules = (
			);
			dependencies = (
			);
			name = BetterWallpapers;
			packageProductDependencies = (
				4990BD7F2980F56000D2B4D9 /* UnifiedBlurHash */,
				49D80AC729839E1E00748119 /* LaunchAtLogin */,
				49D80ACA298483CD00748119 /* URLImage */,
				498EE2542A03395900EA82D8 /* Schedule */,
			);
			productName = BetterWallpapers;
			productReference = 4910C7BA2971D628009080DA /* BetterWallpapers.app */;
			productType = "com.apple.product-type.application";
		};
/* End PBXNativeTarget section */

/* Begin PBXProject section */
		4910C7B22971D628009080DA /* Project object */ = {
			isa = PBXProject;
			attributes = {
				BuildIndependentTargetsInParallel = 1;
				LastSwiftUpdateCheck = 1420;
				LastUpgradeCheck = 1420;
				TargetAttributes = {
					4910C7B92971D628009080DA = {
						CreatedOnToolsVersion = 14.2;
					};
				};
			};
			buildConfigurationList = 4910C7B52971D628009080DA /* Build configuration list for PBXProject "BetterWallpapers" */;
			compatibilityVersion = "Xcode 14.0";
			developmentRegion = en;
			hasScannedForEncodings = 0;
			knownRegions = (
				en,
				Base,
			);
			mainGroup = 4910C7B12971D628009080DA;
			packageReferences = (
				4990BD7E2980F56000D2B4D9 /* XCRemoteSwiftPackageReference "UnifiedBlurHash" */,
				49D80AC629839E1E00748119 /* XCRemoteSwiftPackageReference "LaunchAtLogin" */,
				49D80AC9298483CD00748119 /* XCRemoteSwiftPackageReference "url-image" */,
				498EE2532A03395900EA82D8 /* XCRemoteSwiftPackageReference "Schedule" */,
			);
			productRefGroup = 4910C7BB2971D628009080DA /* Products */;
			projectDirPath = "";
			projectRoot = "";
			targets = (
				4910C7B92971D628009080DA /* BetterWallpapers */,
			);
		};
/* End PBXProject section */

/* Begin PBXResourcesBuildPhase section */
		4910C7B82971D628009080DA /* Resources */ = {
			isa = PBXResourcesBuildPhase;
			buildActionMask = 2147483647;
			files = (
				4910C7C52971D629009080DA /* Preview Assets.xcassets in Resources */,
				4910C7C22971D629009080DA /* Assets.xcassets in Resources */,
			);
			runOnlyForDeploymentPostprocessing = 0;
		};
/* End PBXResourcesBuildPhase section */

/* Begin PBXSourcesBuildPhase section */
		4910C7B62971D628009080DA /* Sources */ = {
			isa = PBXSourcesBuildPhase;
			buildActionMask = 2147483647;
			files = (
				4990BD872981154900D2B4D9 /* Scheduler.swift in Sources */,
				49D80AC22982707100748119 /* WallpaperController.swift in Sources */,
				49A9AC6729791B200089C31A /* ImageView.swift in Sources */,
				4963BEBC29B85A4D004E4C4F /* Favorites.swift in Sources */,
				4990BD822980F9FF00D2B4D9 /* Settings.swift in Sources */,
				49A9AC74297BBD360089C31A /* NavigationView.swift in Sources */,
				4910C7BE2971D628009080DA /* BetterWallpapersApp.swift in Sources */,
				4990BD892981D9C200D2B4D9 /* Fetcher.swift in Sources */,
				49A9AC702979E3E20089C31A /* ActionsView.swift in Sources */,
				49D80ABC2981E65D00748119 /* Downloader.swift in Sources */,
				49D80AC52982794900748119 /* TagsView.swift in Sources */,
				493B874F29774F6800B6E525 /* Wallpaper.swift in Sources */,
				4963BEBE29B85A66004E4C4F /* FavoritesView.swift in Sources */,
				493B87512977520100B6E525 /* WallpaperView.swift in Sources */,
				4910C7CF2971EB51009080DA /* ContentView.swift in Sources */,
				49A9AC76297BC4E00089C31A /* SettingsView.swift in Sources */,
			);
			runOnlyForDeploymentPostprocessing = 0;
		};
/* End PBXSourcesBuildPhase section */

/* Begin XCBuildConfiguration section */
		4910C7C72971D629009080DA /* Debug */ = {
			isa = XCBuildConfiguration;
			buildSettings = {
				ALWAYS_SEARCH_USER_PATHS = NO;
				CLANG_ANALYZER_NONNULL = YES;
				CLANG_ANALYZER_NUMBER_OBJECT_CONVERSION = YES_AGGRESSIVE;
				CLANG_CXX_LANGUAGE_STANDARD = "gnu++20";
				CLANG_ENABLE_MODULES = YES;
				CLANG_ENABLE_OBJC_ARC = YES;
				CLANG_ENABLE_OBJC_WEAK = YES;
				CLANG_WARN_BLOCK_CAPTURE_AUTORELEASING = YES;
				CLANG_WARN_BOOL_CONVERSION = YES;
				CLANG_WARN_COMMA = YES;
				CLANG_WARN_CONSTANT_CONVERSION = YES;
				CLANG_WARN_DEPRECATED_OBJC_IMPLEMENTATIONS = YES;
				CLANG_WARN_DIRECT_OBJC_ISA_USAGE = YES_ERROR;
				CLANG_WARN_DOCUMENTATION_COMMENTS = YES;
				CLANG_WARN_EMPTY_BODY = YES;
				CLANG_WARN_ENUM_CONVERSION = YES;
				CLANG_WARN_INFINITE_RECURSION = YES;
				CLANG_WARN_INT_CONVERSION = YES;
				CLANG_WARN_NON_LITERAL_NULL_CONVERSION = YES;
				CLANG_WARN_OBJC_IMPLICIT_RETAIN_SELF = YES;
				CLANG_WARN_OBJC_LITERAL_CONVERSION = YES;
				CLANG_WARN_OBJC_ROOT_CLASS = YES_ERROR;
				CLANG_WARN_QUOTED_INCLUDE_IN_FRAMEWORK_HEADER = YES;
				CLANG_WARN_RANGE_LOOP_ANALYSIS = YES;
				CLANG_WARN_STRICT_PROTOTYPES = YES;
				CLANG_WARN_SUSPICIOUS_MOVE = YES;
				CLANG_WARN_UNGUARDED_AVAILABILITY = YES_AGGRESSIVE;
				CLANG_WARN_UNREACHABLE_CODE = YES;
				CLANG_WARN__DUPLICATE_METHOD_MATCH = YES;
				COPY_PHASE_STRIP = NO;
				DEBUG_INFORMATION_FORMAT = dwarf;
				ENABLE_STRICT_OBJC_MSGSEND = YES;
				ENABLE_TESTABILITY = YES;
				GCC_C_LANGUAGE_STANDARD = gnu11;
				GCC_DYNAMIC_NO_PIC = NO;
				GCC_NO_COMMON_BLOCKS = YES;
				GCC_OPTIMIZATION_LEVEL = 0;
				GCC_PREPROCESSOR_DEFINITIONS = (
					"DEBUG=1",
					"$(inherited)",
				);
				GCC_WARN_64_TO_32_BIT_CONVERSION = YES;
				GCC_WARN_ABOUT_RETURN_TYPE = YES_ERROR;
				GCC_WARN_UNDECLARED_SELECTOR = YES;
				GCC_WARN_UNINITIALIZED_AUTOS = YES_AGGRESSIVE;
				GCC_WARN_UNUSED_FUNCTION = YES;
				GCC_WARN_UNUSED_VARIABLE = YES;
				MACOSX_DEPLOYMENT_TARGET = 13.1;
				MTL_ENABLE_DEBUG_INFO = INCLUDE_SOURCE;
				MTL_FAST_MATH = YES;
				ONLY_ACTIVE_ARCH = YES;
				SDKROOT = macosx;
				SWIFT_ACTIVE_COMPILATION_CONDITIONS = DEBUG;
				SWIFT_OPTIMIZATION_LEVEL = "-Onone";
			};
			name = Debug;
		};
		4910C7C82971D629009080DA /* Release */ = {
			isa = XCBuildConfiguration;
			buildSettings = {
				ALWAYS_SEARCH_USER_PATHS = NO;
				CLANG_ANALYZER_NONNULL = YES;
				CLANG_ANALYZER_NUMBER_OBJECT_CONVERSION = YES_AGGRESSIVE;
				CLANG_CXX_LANGUAGE_STANDARD = "gnu++20";
				CLANG_ENABLE_MODULES = YES;
				CLANG_ENABLE_OBJC_ARC = YES;
				CLANG_ENABLE_OBJC_WEAK = YES;
				CLANG_WARN_BLOCK_CAPTURE_AUTORELEASING = YES;
				CLANG_WARN_BOOL_CONVERSION = YES;
				CLANG_WARN_COMMA = YES;
				CLANG_WARN_CONSTANT_CONVERSION = YES;
				CLANG_WARN_DEPRECATED_OBJC_IMPLEMENTATIONS = YES;
				CLANG_WARN_DIRECT_OBJC_ISA_USAGE = YES_ERROR;
				CLANG_WARN_DOCUMENTATION_COMMENTS = YES;
				CLANG_WARN_EMPTY_BODY = YES;
				CLANG_WARN_ENUM_CONVERSION = YES;
				CLANG_WARN_INFINITE_RECURSION = YES;
				CLANG_WARN_INT_CONVERSION = YES;
				CLANG_WARN_NON_LITERAL_NULL_CONVERSION = YES;
				CLANG_WARN_OBJC_IMPLICIT_RETAIN_SELF = YES;
				CLANG_WARN_OBJC_LITERAL_CONVERSION = YES;
				CLANG_WARN_OBJC_ROOT_CLASS = YES_ERROR;
				CLANG_WARN_QUOTED_INCLUDE_IN_FRAMEWORK_HEADER = YES;
				CLANG_WARN_RANGE_LOOP_ANALYSIS = YES;
				CLANG_WARN_STRICT_PROTOTYPES = YES;
				CLANG_WARN_SUSPICIOUS_MOVE = YES;
				CLANG_WARN_UNGUARDED_AVAILABILITY = YES_AGGRESSIVE;
				CLANG_WARN_UNREACHABLE_CODE = YES;
				CLANG_WARN__DUPLICATE_METHOD_MATCH = YES;
				COPY_PHASE_STRIP = NO;
				DEBUG_INFORMATION_FORMAT = "dwarf-with-dsym";
				ENABLE_NS_ASSERTIONS = NO;
				ENABLE_STRICT_OBJC_MSGSEND = YES;
				GCC_C_LANGUAGE_STANDARD = gnu11;
				GCC_NO_COMMON_BLOCKS = YES;
				GCC_WARN_64_TO_32_BIT_CONVERSION = YES;
				GCC_WARN_ABOUT_RETURN_TYPE = YES_ERROR;
				GCC_WARN_UNDECLARED_SELECTOR = YES;
				GCC_WARN_UNINITIALIZED_AUTOS = YES_AGGRESSIVE;
				GCC_WARN_UNUSED_FUNCTION = YES;
				GCC_WARN_UNUSED_VARIABLE = YES;
				MACOSX_DEPLOYMENT_TARGET = 13.1;
				MTL_ENABLE_DEBUG_INFO = NO;
				MTL_FAST_MATH = YES;
				SDKROOT = macosx;
				SWIFT_COMPILATION_MODE = wholemodule;
				SWIFT_OPTIMIZATION_LEVEL = "-O";
			};
			name = Release;
		};
		4910C7CA2971D629009080DA /* Debug */ = {
			isa = XCBuildConfiguration;
			buildSettings = {
				ASSETCATALOG_COMPILER_APPICON_NAME = AppIcon;
				ASSETCATALOG_COMPILER_GLOBAL_ACCENT_COLOR_NAME = AccentColor;
				ASSETCATALOG_COMPILER_INCLUDE_ALL_APPICON_ASSETS = NO;
				CODE_SIGN_ENTITLEMENTS = BetterWallpapers/BetterWallpapers.entitlements;
				"CODE_SIGN_IDENTITY[sdk=macosx*]" = "Apple Development";
				CODE_SIGN_STYLE = Automatic;
				COMBINE_HIDPI_IMAGES = YES;
				CURRENT_PROJECT_VERSION = 3;
				DEVELOPMENT_ASSET_PATHS = "\"BetterWallpapers/Preview Content\"";
				DEVELOPMENT_TEAM = NS4695LQPZ;
				ENABLE_HARDENED_RUNTIME = YES;
				ENABLE_PREVIEWS = YES;
				GENERATE_INFOPLIST_FILE = YES;
				INFOPLIST_FILE = BetterWallpapers/Info.plist;
				INFOPLIST_KEY_CFBundleDisplayName = "Better Wallpapers 2 ";
				INFOPLIST_KEY_LSApplicationCategoryType = "public.app-category.utilities";
				INFOPLIST_KEY_LSUIElement = YES;
				INFOPLIST_KEY_NSHumanReadableCopyright = "";
				LD_RUNPATH_SEARCH_PATHS = (
					"$(inherited)",
					"@executable_path/../Frameworks",
				);
				MARKETING_VERSION = 1.1;
				PRODUCT_BUNDLE_IDENTIFIER = app.betterwallpapers.BetterWallpapers;
				PRODUCT_NAME = "$(TARGET_NAME)";
				SWIFT_EMIT_LOC_STRINGS = YES;
				SWIFT_VERSION = 5.0;
			};
			name = Debug;
		};
		4910C7CB2971D629009080DA /* Release */ = {
			isa = XCBuildConfiguration;
			buildSettings = {
				ASSETCATALOG_COMPILER_APPICON_NAME = AppIcon;
				ASSETCATALOG_COMPILER_GLOBAL_ACCENT_COLOR_NAME = AccentColor;
				ASSETCATALOG_COMPILER_INCLUDE_ALL_APPICON_ASSETS = NO;
				CODE_SIGN_ENTITLEMENTS = BetterWallpapers/BetterWallpapers.entitlements;
				"CODE_SIGN_IDENTITY[sdk=macosx*]" = "Apple Development";
				CODE_SIGN_STYLE = Automatic;
				COMBINE_HIDPI_IMAGES = YES;
				CURRENT_PROJECT_VERSION = 3;
				DEVELOPMENT_ASSET_PATHS = "\"BetterWallpapers/Preview Content\"";
				DEVELOPMENT_TEAM = NS4695LQPZ;
				ENABLE_HARDENED_RUNTIME = YES;
				ENABLE_PREVIEWS = YES;
				GENERATE_INFOPLIST_FILE = YES;
				INFOPLIST_FILE = BetterWallpapers/Info.plist;
				INFOPLIST_KEY_CFBundleDisplayName = "Better Wallpapers 2 ";
				INFOPLIST_KEY_LSApplicationCategoryType = "public.app-category.utilities";
				INFOPLIST_KEY_LSUIElement = YES;
				INFOPLIST_KEY_NSHumanReadableCopyright = "";
				LD_RUNPATH_SEARCH_PATHS = (
					"$(inherited)",
					"@executable_path/../Frameworks",
				);
				MARKETING_VERSION = 1.1;
				PRODUCT_BUNDLE_IDENTIFIER = app.betterwallpapers.BetterWallpapers;
				PRODUCT_NAME = "$(TARGET_NAME)";
				SWIFT_EMIT_LOC_STRINGS = YES;
				SWIFT_VERSION = 5.0;
			};
			name = Release;
		};
/* End XCBuildConfiguration section */

/* Begin XCConfigurationList section */
		4910C7B52971D628009080DA /* Build configuration list for PBXProject "BetterWallpapers" */ = {
			isa = XCConfigurationList;
			buildConfigurations = (
				4910C7C72971D629009080DA /* Debug */,
				4910C7C82971D629009080DA /* Release */,
			);
			defaultConfigurationIsVisible = 0;
			defaultConfigurationName = Release;
		};
		4910C7C92971D629009080DA /* Build configuration list for PBXNativeTarget "BetterWallpapers" */ = {
			isa = XCConfigurationList;
			buildConfigurations = (
				4910C7CA2971D629009080DA /* Debug */,
				4910C7CB2971D629009080DA /* Release */,
			);
			defaultConfigurationIsVisible = 0;
			defaultConfigurationName = Release;
		};
/* End XCConfigurationList section */

/* Begin XCRemoteSwiftPackageReference section */
		498EE2532A03395900EA82D8 /* XCRemoteSwiftPackageReference "Schedule" */ = {
			isa = XCRemoteSwiftPackageReference;
			repositoryURL = "https://github.com/luoxiu/Schedule.git";
			requirement = {
				kind = upToNextMajorVersion;
				minimumVersion = 2.0.0;
			};
		};
		4990BD7E2980F56000D2B4D9 /* XCRemoteSwiftPackageReference "UnifiedBlurHash" */ = {
			isa = XCRemoteSwiftPackageReference;
			repositoryURL = "https://github.com/iankoex/UnifiedBlurHash";
			requirement = {
				branch = main;
				kind = branch;
			};
		};
		49D80AC629839E1E00748119 /* XCRemoteSwiftPackageReference "LaunchAtLogin" */ = {
			isa = XCRemoteSwiftPackageReference;
			repositoryURL = "https://github.com/sindresorhus/LaunchAtLogin";
			requirement = {
				branch = main;
				kind = branch;
			};
		};
		49D80AC9298483CD00748119 /* XCRemoteSwiftPackageReference "url-image" */ = {
			isa = XCRemoteSwiftPackageReference;
			repositoryURL = "https://github.com/dmytro-anokhin/url-image";
			requirement = {
				kind = upToNextMajorVersion;
				minimumVersion = 3.0.0;
			};
		};
/* End XCRemoteSwiftPackageReference section */

/* Begin XCSwiftPackageProductDependency section */
		498EE2542A03395900EA82D8 /* Schedule */ = {
			isa = XCSwiftPackageProductDependency;
			package = 498EE2532A03395900EA82D8 /* XCRemoteSwiftPackageReference "Schedule" */;
			productName = Schedule;
		};
		4990BD7F2980F56000D2B4D9 /* UnifiedBlurHash */ = {
			isa = XCSwiftPackageProductDependency;
			package = 4990BD7E2980F56000D2B4D9 /* XCRemoteSwiftPackageReference "UnifiedBlurHash" */;
			productName = UnifiedBlurHash;
		};
		49D80AC729839E1E00748119 /* LaunchAtLogin */ = {
			isa = XCSwiftPackageProductDependency;
			package = 49D80AC629839E1E00748119 /* XCRemoteSwiftPackageReference "LaunchAtLogin" */;
			productName = LaunchAtLogin;
		};
		49D80ACA298483CD00748119 /* URLImage */ = {
			isa = XCSwiftPackageProductDependency;
			package = 49D80AC9298483CD00748119 /* XCRemoteSwiftPackageReference "url-image" */;
			productName = URLImage;
		};
/* End XCSwiftPackageProductDependency section */
	};
	rootObject = 4910C7B22971D628009080DA /* Project object */;
}
